
Microsoft Visual Studio Solution File, Format Version 12.00
# Visual Studio 2013
VisualStudioVersion = 12.0.21005.1
MinimumVisualStudioVersion = 10.0.40219.1
Project("{F2A71F9B-5D33-465A-A702-920D77279786}") = "Tolerance", "Tolerance\Tolerance.fsproj", "{F2011D4A-8F7F-4086-B555-EAE100D64285}"
EndProject
Project("{FAE04EC0-301F-11D3-BF4B-00C04F79EFBC}") = "WindowsFormsApplication1", "WindowsFormsApplication1\WindowsFormsApplication1.csproj", "{D70E3EF0-D123-41FA-BBEB-B891C2C816DC}"
	ProjectSection(ProjectDependencies) = postProject
		{F2011D4A-8F7F-4086-B555-EAE100D64285} = {F2011D4A-8F7F-4086-B555-EAE100D64285}
	EndProjectSection
EndProject
Project("{F2A71F9B-5D33-465A-A702-920D77279786}") = "Parse", "Parse\Parse.fsproj", "{3D20E9BC-DB29-448E-9938-A6473B83C0CA}"
EndProject
Global
	GlobalSection(SolutionConfigurationPlatforms) = preSolution
		Debug|x86 = Debug|x86
		Release|x86 = Release|x86
	EndGlobalSection
	GlobalSection(ProjectConfigurationPlatforms) = postSolution
		{F2011D4A-8F7F-4086-B555-EAE100D64285}.Debug|x86.ActiveCfg = Debug|x86
		{F2011D4A-8F7F-4086-B555-EAE100D64285}.Debug|x86.Build.0 = Debug|x86
		{F2011D4A-8F7F-4086-B555-EAE100D64285}.Release|x86.ActiveCfg = Release|x86
		{F2011D4A-8F7F-4086-B555-EAE100D64285}.Release|x86.Build.0 = Release|x86
		{D70E3EF0-D123-41FA-BBEB-B891C2C816DC}.Debug|x86.ActiveCfg = Debug|x86
		{D70E3EF0-D123-41FA-BBEB-B891C2C816DC}.Debug|x86.Build.0 = Debug|x86
		{D70E3EF0-D123-41FA-BBEB-B891C2C816DC}.Release|x86.ActiveCfg = Release|x86
		{D70E3EF0-D123-41FA-BBEB-B891C2C816DC}.Release|x86.Build.0 = Release|x86
		{3D20E9BC-DB29-448E-9938-A6473B83C0CA}.Debug|x86.ActiveCfg = Debug|x86
		{3D20E9BC-DB29-448E-9938-A6473B83C0CA}.Debug|x86.Build.0 = Debug|x86
		{3D20E9BC-DB29-448E-9938-A6473B83C0CA}.Release|x86.ActiveCfg = Release|x86
		{3D20E9BC-DB29-448E-9938-A6473B83C0CA}.Release|x86.Build.0 = Release|x86
	EndGlobalSection
	GlobalSection(SolutionProperties) = preSolution
		HideSolutionNode = FALSE
	EndGlobalSection
EndGlobal
